github.com/dgrijalva/jwt-go v3.2.0+incompatible h1:JrAo6y2e467yapbWeQ4QH0CI75AQCOurFwlpZr9lIq0=
github.com/dgrijalva/jwt-go v3.2.0+incompatible/go.mod h1:axlqB+1nNY8BK3OrZ8m3SVmkeg+NK+Jd9zzqA8yDU50=
github.com/gin-gonic/gin v1.9.1 h1:72SCNT21C/3YW2qE983y7Qp5NZe2zynGlKHfYG0vjn4=
github.com/gin-gonic/gin v1.9.1/go.mod h1:k4SHFBDiQlFC44w2/M0YBl2+D0KIu+EUXzi+AsjCoh0=
github.com/gorilla/websocket v1.4.1 h1:hutCdWfeni3ITaUu5PQxVJbF/8IVKSjfDjrEzoo1n/c=
github.com/gorilla/websocket v1.4.1/go.mod h1:CdyKkielTBBp6gZdYQpfLKGV8fX7pufbstfrD9bgHfY=
github.com/opencontainers/runc v1.2.8 h1:2uM4fsaFb8YLw72LinoJxV1JHLKzrclNsG4an8X90fY=
github.com/opencontainers/runc v1.2.8/go.mod h1:EwZvm4uTdtfhKRYzYQapHsoIClQ182oeStR4ynpDgwI=
golang.org/x/crypto v0.45.0 h1:QWM1uRAt8WdHsp/ljQNNbZ+3CvMUdAE2+wo3roxWhwU=
golang.org/x/crypto v0.45.0/go.mod h1:bu53T+acKGMprArpbFUKU/Ytwa0yCzTSty6J5/csKKk=
golang.org/x/net v0.38.0 h1:rFtQfOI63lardboW7uXaltsVSaQnAYKQwirM5QHCYbk=
golang.org/x/net v0.38.0/go.mod h1:QM4pKslRF68tWVcPIkktFySFRcQIR+VzwJJKcMl1ryQ=
gopkg.in/yaml.v2 v2.2.8 h1:wn8Zi02VgNRBjMb34Ku3Vuu0g0RTS+YB25VHbeUv5tE=
gopkg.in/yaml.v2 v2.2.8/go.mod h1:iNl50vCT0jl/dWvIbvosoD9zpg1mjOs5GzUQAp8/fPw=
